
Microsoft Visual Studio Solution File, Format Version 12.00
# Visual Studio Version 16
VisualStudioVersion = 16.0.30128.74
MinimumVisualStudioVersion = 10.0.40219.1
Project("{9A19103F-16F7-4668-BE54-9A1E7A4F7556}") = "BlazorMovies.Server", "BlazorMovies\Server\BlazorMovies.Server.csproj", "{4D269313-4496-43E2-9F8A-CC335CBCA727}"
EndProject
Project("{9A19103F-16F7-4668-BE54-9A1E7A4F7556}") = "BlazorMovies.Client", "BlazorMovies\Client\BlazorMovies.Client.csproj", "{B761A17C-605D-48A8-910C-82E24971B052}"
EndProject
Project("{9A19103F-16F7-4668-BE54-9A1E7A4F7556}") = "BlazorMovies.Shared", "BlazorMovies\Shared\BlazorMovies.Shared.csproj", "{59AD6F79-9AF3-430A-8E80-A52ED0D4F1EB}"
EndProject
Project("{2150E333-8FDC-42A3-9474-1A3956D46DE8}") = "Solution Items", "Solution Items", "{0C47D81A-E461-4E1F-935E-B8A85C6D514D}"
	ProjectSection(SolutionItems) = preProject
		Docs\Blazor_notes.docx = Docs\Blazor_notes.docx
	EndProjectSection
EndProject
Global
	GlobalSection(SolutionConfigurationPlatforms) = preSolution
		Debug|Any CPU = Debug|Any CPU
		Release|Any CPU = Release|Any CPU
	EndGlobalSection
	GlobalSection(ProjectConfigurationPlatforms) = postSolution
		{4D269313-4496-43E2-9F8A-CC335CBCA727}.Debug|Any CPU.ActiveCfg = Debug|Any CPU
		{4D269313-4496-43E2-9F8A-CC335CBCA727}.Debug|Any CPU.Build.0 = Debug|Any CPU
		{4D269313-4496-43E2-9F8A-CC335CBCA727}.Release|Any CPU.ActiveCfg = Release|Any CPU
		{4D269313-4496-43E2-9F8A-CC335CBCA727}.Release|Any CPU.Build.0 = Release|Any CPU
		{B761A17C-605D-48A8-910C-82E24971B052}.Debug|Any CPU.ActiveCfg = Debug|Any CPU
		{B761A17C-605D-48A8-910C-82E24971B052}.Debug|Any CPU.Build.0 = Debug|Any CPU
		{B761A17C-605D-48A8-910C-82E24971B052}.Release|Any CPU.ActiveCfg = Release|Any CPU
		{B761A17C-605D-48A8-910C-82E24971B052}.Release|Any CPU.Build.0 = Release|Any CPU
		{59AD6F79-9AF3-430A-8E80-A52ED0D4F1EB}.Debug|Any CPU.ActiveCfg = Debug|Any CPU
		{59AD6F79-9AF3-430A-8E80-A52ED0D4F1EB}.Debug|Any CPU.Build.0 = Debug|Any CPU
		{59AD6F79-9AF3-430A-8E80-A52ED0D4F1EB}.Release|Any CPU.ActiveCfg = Release|Any CPU
		{59AD6F79-9AF3-430A-8E80-A52ED0D4F1EB}.Release|Any CPU.Build.0 = Release|Any CPU
	EndGlobalSection
	GlobalSection(SolutionProperties) = preSolution
		HideSolutionNode = FALSE
	EndGlobalSection
	GlobalSection(ExtensibilityGlobals) = postSolution
		SolutionGuid = {F189DF95-C88B-4FCD-BE2A-612DB560B83E}
	EndGlobalSection
EndGlobal
